PODS:
  - FlexLayout-OC (1.0.0):
    - YogaKit (~> 1.9)
  - Yoga (1.9.0)
  - YogaKit (1.9.0):
    - Yoga (~> 1.9)
  - ZZFLEX (0.1.0)

DEPENDENCIES:
  - FlexLayout-OC (from `../`)
  - ZZFLEX (from `https://github.com/tbl00c/ZZFLEX.git`)

SPEC REPOS:
  https://github.com/cocoapods/specs.git:
    - Yoga
    - YogaKit

EXTERNAL SOURCES:
  FlexLayout-OC:
    :path: "../"
  ZZFLEX:
    :git: https://github.com/tbl00c/ZZFLEX.git

CHECKOUT OPTIONS:
  ZZFLEX:
    :commit: ddac318054fb884245fcd5fea5fdc93226a196a9
    :git: https://github.com/tbl00c/ZZFLEX.git

SPEC CHECKSUMS:
  FlexLayout-OC: f9cf51697d6748029ad71fabe6881664c25ff703
  Yoga: aaae8abea68951f60bee05f6277d3eed90bb91bb
  YogaKit: d447a9bb808718e6f58e52a2255a8050081a3ead
  ZZFLEX: fb543e4d38670a2f455c4cb15c27a799c3ba9fe0

PODFILE CHECKSUM: 0f8f98ced02fe7280caad886c87ad01e892c6f41

COCOAPODS: 1.6.1
