PODS:
  - FlexLayout-OC (1.0.2):
    - YogaKit-GM
  - Yoga (1.9.0)
  - YogaKit-GM (0.1.0):
    - Yoga (~> 1.9)
  - ZZFLEX (0.1.0)

DEPENDENCIES:
  - FlexLayout-OC (from `../`)
  - YogaKit-GM
  - ZZFLEX (from `https://github.com/tbl00c/ZZFLEX.git`)

SPEC REPOS:
  https://github.com/cocoapods/specs.git:
    - Yoga
    - YogaKit-GM

EXTERNAL SOURCES:
  FlexLayout-OC:
    :path: "../"
  ZZFLEX:
    :git: https://github.com/tbl00c/ZZFLEX.git

CHECKOUT OPTIONS:
  ZZFLEX:
    :commit: ddac318054fb884245fcd5fea5fdc93226a196a9
    :git: https://github.com/tbl00c/ZZFLEX.git

SPEC CHECKSUMS:
  FlexLayout-OC: 15280110d29b36689533af8ec0e99b2ecbab2f69
  Yoga: aaae8abea68951f60bee05f6277d3eed90bb91bb
  YogaKit-GM: 9e439a1418d9d1c90b6c878737d9157837f2bf79
  ZZFLEX: fb543e4d38670a2f455c4cb15c27a799c3ba9fe0

PODFILE CHECKSUM: 5bb4cae15d41aa0fa2917cf2e7abe524b467e1a9

COCOAPODS: 1.6.1
